
Microsoft Visual Studio Solution File, Format Version 12.00
# Visual Studio Version 17
VisualStudioVersion = 17.7.34024.191
MinimumVisualStudioVersion = 10.0.40219.1
Project("{8BC9CEB8-8B4A-11D0-8D11-00A0C91BC942}") = "lab8 dop4", "lab8 dop4\lab8 dop4.vcxproj", "{FA3DB757-26AF-45D0-818A-E54A776F9107}"
EndProject
Global
	GlobalSection(SolutionConfigurationPlatforms) = preSolution
		Debug|x64 = Debug|x64
		Debug|x86 = Debug|x86
		Release|x64 = Release|x64
		Release|x86 = Release|x86
	EndGlobalSection
	GlobalSection(ProjectConfigurationPlatforms) = postSolution
		{FA3DB757-26AF-45D0-818A-E54A776F9107}.Debug|x64.ActiveCfg = Debug|x64
		{FA3DB757-26AF-45D0-818A-E54A776F9107}.Debug|x64.Build.0 = Debug|x64
		{FA3DB757-26AF-45D0-818A-E54A776F9107}.Debug|x86.ActiveCfg = Debug|Win32
		{FA3DB757-26AF-45D0-818A-E54A776F9107}.Debug|x86.Build.0 = Debug|Win32
		{FA3DB757-26AF-45D0-818A-E54A776F9107}.Release|x64.ActiveCfg = Release|x64
		{FA3DB757-26AF-45D0-818A-E54A776F9107}.Release|x64.Build.0 = Release|x64
		{FA3DB757-26AF-45D0-818A-E54A776F9107}.Release|x86.ActiveCfg = Release|Win32
		{FA3DB757-26AF-45D0-818A-E54A776F9107}.Release|x86.Build.0 = Release|Win32
	EndGlobalSection
	GlobalSection(SolutionProperties) = preSolution
		HideSolutionNode = FALSE
	EndGlobalSection
	GlobalSection(ExtensibilityGlobals) = postSolution
		SolutionGuid = {0633166B-62D4-43DC-A0E5-EC56EE832ACC}
	EndGlobalSection
EndGlobal
