
Microsoft Visual Studio Solution File, Format Version 12.00
# Visual Studio Version 17
VisualStudioVersion = 17.7.34024.191
MinimumVisualStudioVersion = 10.0.40219.1
Project("{8BC9CEB8-8B4A-11D0-8D11-00A0C91BC942}") = "lab17 dop3,1", "lab17 dop3,1\lab17 dop3,1.vcxproj", "{324E0994-19AC-4B4C-97A9-B9D82487DB9C}"
EndProject
Global
	GlobalSection(SolutionConfigurationPlatforms) = preSolution
		Debug|x64 = Debug|x64
		Debug|x86 = Debug|x86
		Release|x64 = Release|x64
		Release|x86 = Release|x86
	EndGlobalSection
	GlobalSection(ProjectConfigurationPlatforms) = postSolution
		{324E0994-19AC-4B4C-97A9-B9D82487DB9C}.Debug|x64.ActiveCfg = Debug|x64
		{324E0994-19AC-4B4C-97A9-B9D82487DB9C}.Debug|x64.Build.0 = Debug|x64
		{324E0994-19AC-4B4C-97A9-B9D82487DB9C}.Debug|x86.ActiveCfg = Debug|Win32
		{324E0994-19AC-4B4C-97A9-B9D82487DB9C}.Debug|x86.Build.0 = Debug|Win32
		{324E0994-19AC-4B4C-97A9-B9D82487DB9C}.Release|x64.ActiveCfg = Release|x64
		{324E0994-19AC-4B4C-97A9-B9D82487DB9C}.Release|x64.Build.0 = Release|x64
		{324E0994-19AC-4B4C-97A9-B9D82487DB9C}.Release|x86.ActiveCfg = Release|Win32
		{324E0994-19AC-4B4C-97A9-B9D82487DB9C}.Release|x86.Build.0 = Release|Win32
	EndGlobalSection
	GlobalSection(SolutionProperties) = preSolution
		HideSolutionNode = FALSE
	EndGlobalSection
	GlobalSection(ExtensibilityGlobals) = postSolution
		SolutionGuid = {4DF8998A-BFA5-4F00-93A4-327CDB19D5A8}
	EndGlobalSection
EndGlobal
